// !$*UTF8*$!
{
	archiveVersion = 1;
	classes = {
	};
	objectVersion = 50;
	objects = {

/* Begin PBXBuildFile section */
		08B6F9F32423DA1B00C6C1CC /* Score.swift in Sources */ = {isa = PBXBuildFile; fileRef = 08B6F9F22423DA1B00C6C1CC /* Score.swift */; };
		E0AB85092420DA9800AD09AA /* main.swift in Sources */ = {isa = PBXBuildFile; fileRef = E0AB85082420DA9800AD09AA /* main.swift */; };
		E0AB85102420DAA300AD09AA /* Player.swift in Sources */ = {isa = PBXBuildFile; fileRef = E0AB850F2420DAA300AD09AA /* Player.swift */; };
		E0AB85122420DB1300AD09AA /* Character.swift in Sources */ = {isa = PBXBuildFile; fileRef = E0AB85112420DB1300AD09AA /* Character.swift */; };
		E0AB85142420DB7300AD09AA /* Weapon.swift in Sources */ = {isa = PBXBuildFile; fileRef = E0AB85132420DB7300AD09AA /* Weapon.swift */; };
		E0AB85162420DBFB00AD09AA /* Game.swift in Sources */ = {isa = PBXBuildFile; fileRef = E0AB85152420DBFB00AD09AA /* Game.swift */; };
/* End PBXBuildFile section */

/* Begin PBXCopyFilesBuildPhase section */
		E0AB85032420DA9800AD09AA /* CopyFiles */ = {
			isa = PBXCopyFilesBuildPhase;
			buildActionMask = 2147483647;
			dstPath = /usr/share/man/man1/;
			dstSubfolderSpec = 0;
			files = (
			);
			runOnlyForDeploymentPostprocessing = 1;
		};
/* End PBXCopyFilesBuildPhase section */

/* Begin PBXFileReference section */
		08B6F9F22423DA1B00C6C1CC /* Score.swift */ = {isa = PBXFileReference; lastKnownFileType = sourcecode.swift; path = Score.swift; sourceTree = "<group>"; };
		E0AB85052420DA9800AD09AA /* NewWarriorsQuest */ = {isa = PBXFileReference; explicitFileType = "compiled.mach-o.executable"; includeInIndex = 0; path = NewWarriorsQuest; sourceTree = BUILT_PRODUCTS_DIR; };
		E0AB85082420DA9800AD09AA /* main.swift */ = {isa = PBXFileReference; lastKnownFileType = sourcecode.swift; path = main.swift; sourceTree = "<group>"; };
		E0AB850F2420DAA300AD09AA /* Player.swift */ = {isa = PBXFileReference; lastKnownFileType = sourcecode.swift; path = Player.swift; sourceTree = "<group>"; };
		E0AB85112420DB1300AD09AA /* Character.swift */ = {isa = PBXFileReference; lastKnownFileType = sourcecode.swift; path = Character.swift; sourceTree = "<group>"; };
		E0AB85132420DB7300AD09AA /* Weapon.swift */ = {isa = PBXFileReference; lastKnownFileType = sourcecode.swift; path = Weapon.swift; sourceTree = "<group>"; };
		E0AB85152420DBFB00AD09AA /* Game.swift */ = {isa = PBXFileReference; lastKnownFileType = sourcecode.swift; path = Game.swift; sourceTree = "<group>"; };
/* End PBXFileReference section */

/* Begin PBXFrameworksBuildPhase section */
		E0AB85022420DA9800AD09AA /* Frameworks */ = {
			isa = PBXFrameworksBuildPhase;
			buildActionMask = 2147483647;
			files = (
			);
			runOnlyForDeploymentPostprocessing = 0;
		};
/* End PBXFrameworksBuildPhase section */

/* Begin PBXGroup section */
		E0AB84FC2420DA9800AD09AA = {
			isa = PBXGroup;
			children = (
				E0AB85072420DA9800AD09AA /* NewWarriorsQuest */,
				E0AB85062420DA9800AD09AA /* Products */,
			);
			sourceTree = "<group>";
		};
		E0AB85062420DA9800AD09AA /* Products */ = {
			isa = PBXGroup;
			children = (
				E0AB85052420DA9800AD09AA /* NewWarriorsQuest */,
			);
			name = Products;
			sourceTree = "<group>";
		};
		E0AB85072420DA9800AD09AA /* NewWarriorsQuest */ = {
			isa = PBXGroup;
			children = (
				E0AB85082420DA9800AD09AA /* main.swift */,
				08B6F9F22423DA1B00C6C1CC /* Score.swift */,
				E0AB85152420DBFB00AD09AA /* Game.swift */,
				E0AB850F2420DAA300AD09AA /* Player.swift */,
				E0AB85112420DB1300AD09AA /* Character.swift */,
				E0AB85132420DB7300AD09AA /* Weapon.swift */,
			);
			path = NewWarriorsQuest;
			sourceTree = "<group>";
		};
/* End PBXGroup section */

/* Begin PBXNativeTarget section */
		E0AB85042420DA9800AD09AA /* NewWarriorsQuest */ = {
			isa = PBXNativeTarget;
			buildConfigurationList = E0AB850C2420DA9800AD09AA /* Build configuration list for PBXNativeTarget "NewWarriorsQuest" */;
			buildPhases = (
				E0AB85012420DA9800AD09AA /* Sources */,
				E0AB85022420DA9800AD09AA /* Frameworks */,
				E0AB85032420DA9800AD09AA /* CopyFiles */,
			);
			buildRules = (
			);
			dependencies = (
			);
			name = NewWarriorsQuest;
			productName = NewWarriorsQuest;
			productReference = E0AB85052420DA9800AD09AA /* NewWarriorsQuest */;
			productType = "com.apple.product-type.tool";
		};
/* End PBXNativeTarget section */

/* Begin PBXProject section */
		E0AB84FD2420DA9800AD09AA /* Project object */ = {
			isa = PBXProject;
			attributes = {
				LastSwiftUpdateCheck = 1130;
				LastUpgradeCheck = 1130;
				ORGANIZATIONNAME = "mickael ruzel";
				TargetAttributes = {
					E0AB85042420DA9800AD09AA = {
						CreatedOnToolsVersion = 11.3.1;
					};
				};
			};
			buildConfigurationList = E0AB85002420DA9800AD09AA /* Build configuration list for PBXProject "NewWarriorsQuest" */;
			compatibilityVersion = "Xcode 9.3";
			developmentRegion = en;
			hasScannedForEncodings = 0;
			knownRegions = (
				en,
				Base,
			);
			mainGroup = E0AB84FC2420DA9800AD09AA;
			productRefGroup = E0AB85062420DA9800AD09AA /* Products */;
			projectDirPath = "";
			projectRoot = "";
			targets = (
				E0AB85042420DA9800AD09AA /* NewWarriorsQuest */,
			);
		};
/* End PBXProject section */

/* Begin PBXSourcesBuildPhase section */
		E0AB85012420DA9800AD09AA /* Sources */ = {
			isa = PBXSourcesBuildPhase;
			buildActionMask = 2147483647;
			files = (
				E0AB85122420DB1300AD09AA /* Character.swift in Sources */,
				E0AB85162420DBFB00AD09AA /* Game.swift in Sources */,
				E0AB85142420DB7300AD09AA /* Weapon.swift in Sources */,
				E0AB85102420DAA300AD09AA /* Player.swift in Sources */,
				08B6F9F32423DA1B00C6C1CC /* Score.swift in Sources */,
				E0AB85092420DA9800AD09AA /* main.swift in Sources */,
			);
			runOnlyForDeploymentPostprocessing = 0;
		};
/* End PBXSourcesBuildPhase section */

/* Begin XCBuildConfiguration section */
		E0AB850A2420DA9800AD09AA /* Debug */ = {
			isa = XCBuildConfiguration;
			buildSettings = {
				ALWAYS_SEARCH_USER_PATHS = NO;
				CLANG_ANALYZER_NONNULL = YES;
				CLANG_ANALYZER_NUMBER_OBJECT_CONVERSION = YES_AGGRESSIVE;
				CLANG_CXX_LANGUAGE_STANDARD = "gnu++14";
				CLANG_CXX_LIBRARY = "libc++";
				CLANG_ENABLE_MODULES = YES;
				CLANG_ENABLE_OBJC_ARC = YES;
				CLANG_ENABLE_OBJC_WEAK = YES;
				CLANG_WARN_BLOCK_CAPTURE_AUTORELEASING = YES;
				CLANG_WARN_BOOL_CONVERSION = YES;
				CLANG_WARN_COMMA = YES;
				CLANG_WARN_CONSTANT_CONVERSION = YES;
				CLANG_WARN_DEPRECATED_OBJC_IMPLEMENTATIONS = YES;
				CLANG_WARN_DIRECT_OBJC_ISA_USAGE = YES_ERROR;
				CLANG_WARN_DOCUMENTATION_COMMENTS = YES;
				CLANG_WARN_EMPTY_BODY = YES;
				CLANG_WARN_ENUM_CONVERSION = YES;
				CLANG_WARN_INFINITE_RECURSION = YES;
				CLANG_WARN_INT_CONVERSION = YES;
				CLANG_WARN_NON_LITERAL_NULL_CONVERSION = YES;
				CLANG_WARN_OBJC_IMPLICIT_RETAIN_SELF = YES;
				CLANG_WARN_OBJC_LITERAL_CONVERSION = YES;
				CLANG_WARN_OBJC_ROOT_CLASS = YES_ERROR;
				CLANG_WARN_RANGE_LOOP_ANALYSIS = YES;
				CLANG_WARN_STRICT_PROTOTYPES = YES;
				CLANG_WARN_SUSPICIOUS_MOVE = YES;
				CLANG_WARN_UNGUARDED_AVAILABILITY = YES_AGGRESSIVE;
				CLANG_WARN_UNREACHABLE_CODE = YES;
				CLANG_WARN__DUPLICATE_METHOD_MATCH = YES;
				COPY_PHASE_STRIP = NO;
				DEBUG_INFORMATION_FORMAT = dwarf;
				ENABLE_STRICT_OBJC_MSGSEND = YES;
				ENABLE_TESTABILITY = YES;
				GCC_C_LANGUAGE_STANDARD = gnu11;
				GCC_DYNAMIC_NO_PIC = NO;
				GCC_NO_COMMON_BLOCKS = YES;
				GCC_OPTIMIZATION_LEVEL = 0;
				GCC_PREPROCESSOR_DEFINITIONS = (
					"DEBUG=1",
					"$(inherited)",
				);
				GCC_WARN_64_TO_32_BIT_CONVERSION = YES;
				GCC_WARN_ABOUT_RETURN_TYPE = YES_ERROR;
				GCC_WARN_UNDECLARED_SELECTOR = YES;
				GCC_WARN_UNINITIALIZED_AUTOS = YES_AGGRESSIVE;
				GCC_WARN_UNUSED_FUNCTION = YES;
				GCC_WARN_UNUSED_VARIABLE = YES;
				MACOSX_DEPLOYMENT_TARGET = 10.15;
				MTL_ENABLE_DEBUG_INFO = INCLUDE_SOURCE;
				MTL_FAST_MATH = YES;
				ONLY_ACTIVE_ARCH = YES;
				SDKROOT = macosx;
				SWIFT_ACTIVE_COMPILATION_CONDITIONS = DEBUG;
				SWIFT_OPTIMIZATION_LEVEL = "-Onone";
			};
			name = Debug;
		};
		E0AB850B2420DA9800AD09AA /* Release */ = {
			isa = XCBuildConfiguration;
			buildSettings = {
				ALWAYS_SEARCH_USER_PATHS = NO;
				CLANG_ANALYZER_NONNULL = YES;
				CLANG_ANALYZER_NUMBER_OBJECT_CONVERSION = YES_AGGRESSIVE;
				CLANG_CXX_LANGUAGE_STANDARD = "gnu++14";
				CLANG_CXX_LIBRARY = "libc++";
				CLANG_ENABLE_MODULES = YES;
				CLANG_ENABLE_OBJC_ARC = YES;
				CLANG_ENABLE_OBJC_WEAK = YES;
				CLANG_WARN_BLOCK_CAPTURE_AUTORELEASING = YES;
				CLANG_WARN_BOOL_CONVERSION = YES;
				CLANG_WARN_COMMA = YES;
				CLANG_WARN_CONSTANT_CONVERSION = YES;
				CLANG_WARN_DEPRECATED_OBJC_IMPLEMENTATIONS = YES;
				CLANG_WARN_DIRECT_OBJC_ISA_USAGE = YES_ERROR;
				CLANG_WARN_DOCUMENTATION_COMMENTS = YES;
				CLANG_WARN_EMPTY_BODY = YES;
				CLANG_WARN_ENUM_CONVERSION = YES;
				CLANG_WARN_INFINITE_RECURSION = YES;
				CLANG_WARN_INT_CONVERSION = YES;
				CLANG_WARN_NON_LITERAL_NULL_CONVERSION = YES;
				CLANG_WARN_OBJC_IMPLICIT_RETAIN_SELF = YES;
				CLANG_WARN_OBJC_LITERAL_CONVERSION = YES;
				CLANG_WARN_OBJC_ROOT_CLASS = YES_ERROR;
				CLANG_WARN_RANGE_LOOP_ANALYSIS = YES;
				CLANG_WARN_STRICT_PROTOTYPES = YES;
				CLANG_WARN_SUSPICIOUS_MOVE = YES;
				CLANG_WARN_UNGUARDED_AVAILABILITY = YES_AGGRESSIVE;
				CLANG_WARN_UNREACHABLE_CODE = YES;
				CLANG_WARN__DUPLICATE_METHOD_MATCH = YES;
				COPY_PHASE_STRIP = NO;
				DEBUG_INFORMATION_FORMAT = "dwarf-with-dsym";
				ENABLE_NS_ASSERTIONS = NO;
				ENABLE_STRICT_OBJC_MSGSEND = YES;
				GCC_C_LANGUAGE_STANDARD = gnu11;
				GCC_NO_COMMON_BLOCKS = YES;
				GCC_WARN_64_TO_32_BIT_CONVERSION = YES;
				GCC_WARN_ABOUT_RETURN_TYPE = YES_ERROR;
				GCC_WARN_UNDECLARED_SELECTOR = YES;
				GCC_WARN_UNINITIALIZED_AUTOS = YES_AGGRESSIVE;
				GCC_WARN_UNUSED_FUNCTION = YES;
				GCC_WARN_UNUSED_VARIABLE = YES;
				MACOSX_DEPLOYMENT_TARGET = 10.15;
				MTL_ENABLE_DEBUG_INFO = NO;
				MTL_FAST_MATH = YES;
				SDKROOT = macosx;
				SWIFT_COMPILATION_MODE = wholemodule;
				SWIFT_OPTIMIZATION_LEVEL = "-O";
			};
			name = Release;
		};
		E0AB850D2420DA9800AD09AA /* Debug */ = {
			isa = XCBuildConfiguration;
			buildSettings = {
				CODE_SIGN_STYLE = Automatic;
				PRODUCT_NAME = "$(TARGET_NAME)";
				SWIFT_VERSION = 5.0;
			};
			name = Debug;
		};
		E0AB850E2420DA9800AD09AA /* Release */ = {
			isa = XCBuildConfiguration;
			buildSettings = {
				CODE_SIGN_STYLE = Automatic;
				PRODUCT_NAME = "$(TARGET_NAME)";
				SWIFT_VERSION = 5.0;
			};
			name = Release;
		};
/* End XCBuildConfiguration section */

/* Begin XCConfigurationList section */
		E0AB85002420DA9800AD09AA /* Build configuration list for PBXProject "NewWarriorsQuest" */ = {
			isa = XCConfigurationList;
			buildConfigurations = (
				E0AB850A2420DA9800AD09AA /* Debug */,
				E0AB850B2420DA9800AD09AA /* Release */,
			);
			defaultConfigurationIsVisible = 0;
			defaultConfigurationName = Release;
		};
		E0AB850C2420DA9800AD09AA /* Build configuration list for PBXNativeTarget "NewWarriorsQuest" */ = {
			isa = XCConfigurationList;
			buildConfigurations = (
				E0AB850D2420DA9800AD09AA /* Debug */,
				E0AB850E2420DA9800AD09AA /* Release */,
			);
			defaultConfigurationIsVisible = 0;
			defaultConfigurationName = Release;
		};
/* End XCConfigurationList section */
	};
	rootObject = E0AB84FD2420DA9800AD09AA /* Project object */;
}
